
Microsoft Visual Studio Solution File, Format Version 12.00
# Visual Studio 15
VisualStudioVersion = 15.0.26124.0
MinimumVisualStudioVersion = 15.0.26124.0
Project("{2150E333-8FDC-42A3-9474-1A3956D46DE8}") = "src", "src", "{1FB76BB0-4C58-4231-9374-BBDD2883147D}"
EndProject
Project("{FAE04EC0-301F-11D3-BF4B-00C04F79EFBC}") = "Nvd.SubProcess", "src\SubProcess\Nvd.SubProcess.csproj", "{E9FE7BBE-CA48-492A-8B4A-1C9825DBEB45}"
EndProject
Project("{2150E333-8FDC-42A3-9474-1A3956D46DE8}") = "test", "test", "{125E7124-5D9D-472D-BEA7-AA5B8DA73F2A}"
EndProject
Project("{FAE04EC0-301F-11D3-BF4B-00C04F79EFBC}") = "Nvd.SubProcess.Test", "test\SubProcess.Test\Nvd.SubProcess.Test.csproj", "{2B31828C-2A54-402F-8FD6-2AFE3D7AF745}"
EndProject
Project("{2150E333-8FDC-42A3-9474-1A3956D46DE8}") = "sandbox", "sandbox", "{2F6772C6-660E-4F53-9F75-AD7C51A42CC7}"
EndProject
Project("{FAE04EC0-301F-11D3-BF4B-00C04F79EFBC}") = "Emulator", "sandbox\Emulator\Emulator.csproj", "{CCADA3A1-3843-43B4-844B-4D595529EF3D}"
EndProject
Global
	GlobalSection(SolutionConfigurationPlatforms) = preSolution
		Debug|Any CPU = Debug|Any CPU
		Debug|x64 = Debug|x64
		Debug|x86 = Debug|x86
		Release|Any CPU = Release|Any CPU
		Release|x64 = Release|x64
		Release|x86 = Release|x86
	EndGlobalSection
	GlobalSection(SolutionProperties) = preSolution
		HideSolutionNode = FALSE
	EndGlobalSection
	GlobalSection(ProjectConfigurationPlatforms) = postSolution
		{E9FE7BBE-CA48-492A-8B4A-1C9825DBEB45}.Debug|Any CPU.ActiveCfg = Debug|Any CPU
		{E9FE7BBE-CA48-492A-8B4A-1C9825DBEB45}.Debug|Any CPU.Build.0 = Debug|Any CPU
		{E9FE7BBE-CA48-492A-8B4A-1C9825DBEB45}.Debug|x64.ActiveCfg = Debug|Any CPU
		{E9FE7BBE-CA48-492A-8B4A-1C9825DBEB45}.Debug|x64.Build.0 = Debug|Any CPU
		{E9FE7BBE-CA48-492A-8B4A-1C9825DBEB45}.Debug|x86.ActiveCfg = Debug|Any CPU
		{E9FE7BBE-CA48-492A-8B4A-1C9825DBEB45}.Debug|x86.Build.0 = Debug|Any CPU
		{E9FE7BBE-CA48-492A-8B4A-1C9825DBEB45}.Release|Any CPU.ActiveCfg = Release|Any CPU
		{E9FE7BBE-CA48-492A-8B4A-1C9825DBEB45}.Release|Any CPU.Build.0 = Release|Any CPU
		{E9FE7BBE-CA48-492A-8B4A-1C9825DBEB45}.Release|x64.ActiveCfg = Release|Any CPU
		{E9FE7BBE-CA48-492A-8B4A-1C9825DBEB45}.Release|x64.Build.0 = Release|Any CPU
		{E9FE7BBE-CA48-492A-8B4A-1C9825DBEB45}.Release|x86.ActiveCfg = Release|Any CPU
		{E9FE7BBE-CA48-492A-8B4A-1C9825DBEB45}.Release|x86.Build.0 = Release|Any CPU
		{2B31828C-2A54-402F-8FD6-2AFE3D7AF745}.Debug|Any CPU.ActiveCfg = Debug|Any CPU
		{2B31828C-2A54-402F-8FD6-2AFE3D7AF745}.Debug|Any CPU.Build.0 = Debug|Any CPU
		{2B31828C-2A54-402F-8FD6-2AFE3D7AF745}.Debug|x64.ActiveCfg = Debug|Any CPU
		{2B31828C-2A54-402F-8FD6-2AFE3D7AF745}.Debug|x64.Build.0 = Debug|Any CPU
		{2B31828C-2A54-402F-8FD6-2AFE3D7AF745}.Debug|x86.ActiveCfg = Debug|Any CPU
		{2B31828C-2A54-402F-8FD6-2AFE3D7AF745}.Debug|x86.Build.0 = Debug|Any CPU
		{2B31828C-2A54-402F-8FD6-2AFE3D7AF745}.Release|Any CPU.ActiveCfg = Release|Any CPU
		{2B31828C-2A54-402F-8FD6-2AFE3D7AF745}.Release|Any CPU.Build.0 = Release|Any CPU
		{2B31828C-2A54-402F-8FD6-2AFE3D7AF745}.Release|x64.ActiveCfg = Release|Any CPU
		{2B31828C-2A54-402F-8FD6-2AFE3D7AF745}.Release|x64.Build.0 = Release|Any CPU
		{2B31828C-2A54-402F-8FD6-2AFE3D7AF745}.Release|x86.ActiveCfg = Release|Any CPU
		{2B31828C-2A54-402F-8FD6-2AFE3D7AF745}.Release|x86.Build.0 = Release|Any CPU
		{CCADA3A1-3843-43B4-844B-4D595529EF3D}.Debug|Any CPU.ActiveCfg = Debug|Any CPU
		{CCADA3A1-3843-43B4-844B-4D595529EF3D}.Debug|Any CPU.Build.0 = Debug|Any CPU
		{CCADA3A1-3843-43B4-844B-4D595529EF3D}.Debug|x64.ActiveCfg = Debug|Any CPU
		{CCADA3A1-3843-43B4-844B-4D595529EF3D}.Debug|x64.Build.0 = Debug|Any CPU
		{CCADA3A1-3843-43B4-844B-4D595529EF3D}.Debug|x86.ActiveCfg = Debug|Any CPU
		{CCADA3A1-3843-43B4-844B-4D595529EF3D}.Debug|x86.Build.0 = Debug|Any CPU
		{CCADA3A1-3843-43B4-844B-4D595529EF3D}.Release|Any CPU.ActiveCfg = Release|Any CPU
		{CCADA3A1-3843-43B4-844B-4D595529EF3D}.Release|Any CPU.Build.0 = Release|Any CPU
		{CCADA3A1-3843-43B4-844B-4D595529EF3D}.Release|x64.ActiveCfg = Release|Any CPU
		{CCADA3A1-3843-43B4-844B-4D595529EF3D}.Release|x64.Build.0 = Release|Any CPU
		{CCADA3A1-3843-43B4-844B-4D595529EF3D}.Release|x86.ActiveCfg = Release|Any CPU
		{CCADA3A1-3843-43B4-844B-4D595529EF3D}.Release|x86.Build.0 = Release|Any CPU
	EndGlobalSection
	GlobalSection(NestedProjects) = preSolution
		{E9FE7BBE-CA48-492A-8B4A-1C9825DBEB45} = {1FB76BB0-4C58-4231-9374-BBDD2883147D}
		{2B31828C-2A54-402F-8FD6-2AFE3D7AF745} = {125E7124-5D9D-472D-BEA7-AA5B8DA73F2A}
		{CCADA3A1-3843-43B4-844B-4D595529EF3D} = {2F6772C6-660E-4F53-9F75-AD7C51A42CC7}
	EndGlobalSection
EndGlobal
